
Microsoft Visual Studio Solution File, Format Version 12.00
# Visual Studio Version 17
VisualStudioVersion = 17.14.36717.8 d17.14
MinimumVisualStudioVersion = 10.0.40219.1
Project("{FAE04EC0-301F-11D3-BF4B-00C04F79EFBC}") = "TestWebAPIs", "TestWebAPIs.csproj", "{B8905BE8-5D06-4576-B742-FDF43E1F126D}"
EndProject
Global
	GlobalSection(SolutionConfigurationPlatforms) = preSolution
		Debug|Any CPU = Debug|Any CPU
		Release|Any CPU = Release|Any CPU
	EndGlobalSection
	GlobalSection(ProjectConfigurationPlatforms) = postSolution
		{B8905BE8-5D06-4576-B742-FDF43E1F126D}.Debug|Any CPU.ActiveCfg = Debug|Any CPU
		{B8905BE8-5D06-4576-B742-FDF43E1F126D}.Debug|Any CPU.Build.0 = Debug|Any CPU
		{B8905BE8-5D06-4576-B742-FDF43E1F126D}.Release|Any CPU.ActiveCfg = Release|Any CPU
		{B8905BE8-5D06-4576-B742-FDF43E1F126D}.Release|Any CPU.Build.0 = Release|Any CPU
	EndGlobalSection
	GlobalSection(SolutionProperties) = preSolution
		HideSolutionNode = FALSE
	EndGlobalSection
	GlobalSection(ExtensibilityGlobals) = postSolution
		SolutionGuid = {6A341A0A-C7E1-4418-972F-BC8ACF8B6937}
	EndGlobalSection
EndGlobal
